// !$*UTF8*$!
{
	archiveVersion = 1;
	classes = {
	};
	objectVersion = 56;
	objects = {

/* Begin PBXBuildFile section */
		84BF50AD2BC5D340001397A0 /* AppDelegate.swift in Sources */ = {isa = PBXBuildFile; fileRef = 84BF50AC2BC5D340001397A0 /* AppDelegate.swift */; };
		84BF50AF2BC5D340001397A0 /* SceneDelegate.swift in Sources */ = {isa = PBXBuildFile; fileRef = 84BF50AE2BC5D340001397A0 /* SceneDelegate.swift */; };
		84BF50B12BC5D340001397A0 /* ViewController.swift in Sources */ = {isa = PBXBuildFile; fileRef = 84BF50B02BC5D340001397A0 /* ViewController.swift */; };
		84BF50B62BC5D342001397A0 /* Assets.xcassets in Resources */ = {isa = PBXBuildFile; fileRef = 84BF50B52BC5D342001397A0 /* Assets.xcassets */; };
		84BF50B92BC5D342001397A0 /* Base in Resources */ = {isa = PBXBuildFile; fileRef = 84BF50B82BC5D342001397A0 /* Base */; };
		84BF50D02BC92687001397A0 /* LICENSE.txt in Resources */ = {isa = PBXBuildFile; fileRef = 84BF50C22BC92687001397A0 /* LICENSE.txt */; };
		84BF50D12BC92687001397A0 /* Roboto-Black.ttf in Resources */ = {isa = PBXBuildFile; fileRef = 84BF50C32BC92687001397A0 /* Roboto-Black.ttf */; };
		84BF50D22BC92687001397A0 /* Roboto-BlackItalic.ttf in Resources */ = {isa = PBXBuildFile; fileRef = 84BF50C42BC92687001397A0 /* Roboto-BlackItalic.ttf */; };
		84BF50D32BC92687001397A0 /* Roboto-Bold.ttf in Resources */ = {isa = PBXBuildFile; fileRef = 84BF50C52BC92687001397A0 /* Roboto-Bold.ttf */; };
		84BF50D42BC92687001397A0 /* Roboto-BoldItalic.ttf in Resources */ = {isa = PBXBuildFile; fileRef = 84BF50C62BC92687001397A0 /* Roboto-BoldItalic.ttf */; };
		84BF50D52BC92687001397A0 /* Roboto-Italic.ttf in Resources */ = {isa = PBXBuildFile; fileRef = 84BF50C72BC92687001397A0 /* Roboto-Italic.ttf */; };
		84BF50D62BC92687001397A0 /* Roboto-Light.ttf in Resources */ = {isa = PBXBuildFile; fileRef = 84BF50C82BC92687001397A0 /* Roboto-Light.ttf */; };
		84BF50D72BC92687001397A0 /* Roboto-LightItalic.ttf in Resources */ = {isa = PBXBuildFile; fileRef = 84BF50C92BC92687001397A0 /* Roboto-LightItalic.ttf */; };
		84BF50D82BC92687001397A0 /* Roboto-Medium.ttf in Resources */ = {isa = PBXBuildFile; fileRef = 84BF50CA2BC92687001397A0 /* Roboto-Medium.ttf */; };
		84BF50D92BC92687001397A0 /* Roboto-MediumItalic.ttf in Resources */ = {isa = PBXBuildFile; fileRef = 84BF50CB2BC92687001397A0 /* Roboto-MediumItalic.ttf */; };
		84BF50DA2BC92687001397A0 /* Roboto-Regular.ttf in Resources */ = {isa = PBXBuildFile; fileRef = 84BF50CC2BC92687001397A0 /* Roboto-Regular.ttf */; };
		84BF50DB2BC92687001397A0 /* Roboto-Thin.ttf in Resources */ = {isa = PBXBuildFile; fileRef = 84BF50CD2BC92687001397A0 /* Roboto-Thin.ttf */; };
		84BF50DC2BC92687001397A0 /* Roboto-ThinItalic.ttf in Resources */ = {isa = PBXBuildFile; fileRef = 84BF50CE2BC92687001397A0 /* Roboto-ThinItalic.ttf */; };
		84BF50DF2BC979D0001397A0 /* UIFont+Extension.swift in Sources */ = {isa = PBXBuildFile; fileRef = 84BF50DE2BC979D0001397A0 /* UIFont+Extension.swift */; };
		84C2F6042BC982A2006F2A84 /* UIColor+Extension.swift in Sources */ = {isa = PBXBuildFile; fileRef = 84C2F6032BC982A2006F2A84 /* UIColor+Extension.swift */; };
		84C2F6062BC9848B006F2A84 /* AppColors.swift in Sources */ = {isa = PBXBuildFile; fileRef = 84C2F6052BC9848B006F2A84 /* AppColors.swift */; };
/* End PBXBuildFile section */

/* Begin PBXFileReference section */
		84BF50A92BC5D340001397A0 /* FoodDeliveryApp.app */ = {isa = PBXFileReference; explicitFileType = wrapper.application; includeInIndex = 0; path = FoodDeliveryApp.app; sourceTree = BUILT_PRODUCTS_DIR; };
		84BF50AC2BC5D340001397A0 /* AppDelegate.swift */ = {isa = PBXFileReference; lastKnownFileType = sourcecode.swift; path = AppDelegate.swift; sourceTree = "<group>"; };
		84BF50AE2BC5D340001397A0 /* SceneDelegate.swift */ = {isa = PBXFileReference; lastKnownFileType = sourcecode.swift; path = SceneDelegate.swift; sourceTree = "<group>"; };
		84BF50B02BC5D340001397A0 /* ViewController.swift */ = {isa = PBXFileReference; lastKnownFileType = sourcecode.swift; path = ViewController.swift; sourceTree = "<group>"; };
		84BF50B52BC5D342001397A0 /* Assets.xcassets */ = {isa = PBXFileReference; lastKnownFileType = folder.assetcatalog; path = Assets.xcassets; sourceTree = "<group>"; };
		84BF50B82BC5D342001397A0 /* Base */ = {isa = PBXFileReference; lastKnownFileType = file.storyboard; name = Base; path = Base.lproj/LaunchScreen.storyboard; sourceTree = "<group>"; };
		84BF50BA2BC5D342001397A0 /* Info.plist */ = {isa = PBXFileReference; lastKnownFileType = text.plist.xml; path = Info.plist; sourceTree = "<group>"; };
		84BF50C22BC92687001397A0 /* LICENSE.txt */ = {isa = PBXFileReference; fileEncoding = 4; lastKnownFileType = text; path = LICENSE.txt; sourceTree = "<group>"; };
		84BF50C32BC92687001397A0 /* Roboto-Black.ttf */ = {isa = PBXFileReference; lastKnownFileType = file; path = "Roboto-Black.ttf"; sourceTree = "<group>"; };
		84BF50C42BC92687001397A0 /* Roboto-BlackItalic.ttf */ = {isa = PBXFileReference; lastKnownFileType = file; path = "Roboto-BlackItalic.ttf"; sourceTree = "<group>"; };
		84BF50C52BC92687001397A0 /* Roboto-Bold.ttf */ = {isa = PBXFileReference; lastKnownFileType = file; path = "Roboto-Bold.ttf"; sourceTree = "<group>"; };
		84BF50C62BC92687001397A0 /* Roboto-BoldItalic.ttf */ = {isa = PBXFileReference; lastKnownFileType = file; path = "Roboto-BoldItalic.ttf"; sourceTree = "<group>"; };
		84BF50C72BC92687001397A0 /* Roboto-Italic.ttf */ = {isa = PBXFileReference; lastKnownFileType = file; path = "Roboto-Italic.ttf"; sourceTree = "<group>"; };
		84BF50C82BC92687001397A0 /* Roboto-Light.ttf */ = {isa = PBXFileReference; lastKnownFileType = file; path = "Roboto-Light.ttf"; sourceTree = "<group>"; };
		84BF50C92BC92687001397A0 /* Roboto-LightItalic.ttf */ = {isa = PBXFileReference; lastKnownFileType = file; path = "Roboto-LightItalic.ttf"; sourceTree = "<group>"; };
		84BF50CA2BC92687001397A0 /* Roboto-Medium.ttf */ = {isa = PBXFileReference; lastKnownFileType = file; path = "Roboto-Medium.ttf"; sourceTree = "<group>"; };
		84BF50CB2BC92687001397A0 /* Roboto-MediumItalic.ttf */ = {isa = PBXFileReference; lastKnownFileType = file; path = "Roboto-MediumItalic.ttf"; sourceTree = "<group>"; };
		84BF50CC2BC92687001397A0 /* Roboto-Regular.ttf */ = {isa = PBXFileReference; lastKnownFileType = file; path = "Roboto-Regular.ttf"; sourceTree = "<group>"; };
		84BF50CD2BC92687001397A0 /* Roboto-Thin.ttf */ = {isa = PBXFileReference; lastKnownFileType = file; path = "Roboto-Thin.ttf"; sourceTree = "<group>"; };
		84BF50CE2BC92687001397A0 /* Roboto-ThinItalic.ttf */ = {isa = PBXFileReference; lastKnownFileType = file; path = "Roboto-ThinItalic.ttf"; sourceTree = "<group>"; };
		84BF50DE2BC979D0001397A0 /* UIFont+Extension.swift */ = {isa = PBXFileReference; lastKnownFileType = sourcecode.swift; path = "UIFont+Extension.swift"; sourceTree = "<group>"; };
		84C2F6032BC982A2006F2A84 /* UIColor+Extension.swift */ = {isa = PBXFileReference; lastKnownFileType = sourcecode.swift; path = "UIColor+Extension.swift"; sourceTree = "<group>"; };
		84C2F6052BC9848B006F2A84 /* AppColors.swift */ = {isa = PBXFileReference; lastKnownFileType = sourcecode.swift; path = AppColors.swift; sourceTree = "<group>"; };
/* End PBXFileReference section */

/* Begin PBXFrameworksBuildPhase section */
		84BF50A62BC5D340001397A0 /* Frameworks */ = {
			isa = PBXFrameworksBuildPhase;
			buildActionMask = 2147483647;
			files = (
			);
			runOnlyForDeploymentPostprocessing = 0;
		};
/* End PBXFrameworksBuildPhase section */

/* Begin PBXGroup section */
		84BF50A02BC5D340001397A0 = {
			isa = PBXGroup;
			children = (
				84BF50AB2BC5D340001397A0 /* FoodDeliveryApp */,
				84BF50AA2BC5D340001397A0 /* Products */,
			);
			sourceTree = "<group>";
		};
		84BF50AA2BC5D340001397A0 /* Products */ = {
			isa = PBXGroup;
			children = (
				84BF50A92BC5D340001397A0 /* FoodDeliveryApp.app */,
			);
			name = Products;
			sourceTree = "<group>";
		};
		84BF50AB2BC5D340001397A0 /* FoodDeliveryApp */ = {
			isa = PBXGroup;
			children = (
				84BF50C02BC92637001397A0 /* Resources */,
				84BF50AC2BC5D340001397A0 /* AppDelegate.swift */,
				84BF50AE2BC5D340001397A0 /* SceneDelegate.swift */,
				84BF50B02BC5D340001397A0 /* ViewController.swift */,
				84BF50B52BC5D342001397A0 /* Assets.xcassets */,
				84BF50B72BC5D342001397A0 /* LaunchScreen.storyboard */,
				84BF50BA2BC5D342001397A0 /* Info.plist */,
			);
			path = FoodDeliveryApp;
			sourceTree = "<group>";
		};
		84BF50C02BC92637001397A0 /* Resources */ = {
			isa = PBXGroup;
			children = (
				84BF50DD2BC97987001397A0 /* Extensions */,
				84BF50C12BC92663001397A0 /* Fonts */,
				84C2F6052BC9848B006F2A84 /* AppColors.swift */,
			);
			path = Resources;
			sourceTree = "<group>";
		};
		84BF50C12BC92663001397A0 /* Fonts */ = {
			isa = PBXGroup;
			children = (
				84BF50CF2BC92687001397A0 /* Roboto */,
			);
			path = Fonts;
			sourceTree = "<group>";
		};
		84BF50CF2BC92687001397A0 /* Roboto */ = {
			isa = PBXGroup;
			children = (
				84BF50C22BC92687001397A0 /* LICENSE.txt */,
				84BF50C32BC92687001397A0 /* Roboto-Black.ttf */,
				84BF50C42BC92687001397A0 /* Roboto-BlackItalic.ttf */,
				84BF50C52BC92687001397A0 /* Roboto-Bold.ttf */,
				84BF50C62BC92687001397A0 /* Roboto-BoldItalic.ttf */,
				84BF50C72BC92687001397A0 /* Roboto-Italic.ttf */,
				84BF50C82BC92687001397A0 /* Roboto-Light.ttf */,
				84BF50C92BC92687001397A0 /* Roboto-LightItalic.ttf */,
				84BF50CA2BC92687001397A0 /* Roboto-Medium.ttf */,
				84BF50CB2BC92687001397A0 /* Roboto-MediumItalic.ttf */,
				84BF50CC2BC92687001397A0 /* Roboto-Regular.ttf */,
				84BF50CD2BC92687001397A0 /* Roboto-Thin.ttf */,
				84BF50CE2BC92687001397A0 /* Roboto-ThinItalic.ttf */,
			);
			path = Roboto;
			sourceTree = "<group>";
		};
		84BF50DD2BC97987001397A0 /* Extensions */ = {
			isa = PBXGroup;
			children = (
				84BF50DE2BC979D0001397A0 /* UIFont+Extension.swift */,
				84C2F6032BC982A2006F2A84 /* UIColor+Extension.swift */,
			);
			path = Extensions;
			sourceTree = "<group>";
		};
/* End PBXGroup section */

/* Begin PBXNativeTarget section */
		84BF50A82BC5D340001397A0 /* FoodDeliveryApp */ = {
			isa = PBXNativeTarget;
			buildConfigurationList = 84BF50BD2BC5D342001397A0 /* Build configuration list for PBXNativeTarget "FoodDeliveryApp" */;
			buildPhases = (
				84BF50A52BC5D340001397A0 /* Sources */,
				84BF50A62BC5D340001397A0 /* Frameworks */,
				84BF50A72BC5D340001397A0 /* Resources */,
			);
			buildRules = (
			);
			dependencies = (
			);
			name = FoodDeliveryApp;
			productName = FoodDeliveryApp;
			productReference = 84BF50A92BC5D340001397A0 /* FoodDeliveryApp.app */;
			productType = "com.apple.product-type.application";
		};
/* End PBXNativeTarget section */

/* Begin PBXProject section */
		84BF50A12BC5D340001397A0 /* Project object */ = {
			isa = PBXProject;
			attributes = {
				BuildIndependentTargetsInParallel = 1;
				LastSwiftUpdateCheck = 1530;
				LastUpgradeCheck = 1530;
				TargetAttributes = {
					84BF50A82BC5D340001397A0 = {
						CreatedOnToolsVersion = 15.3;
					};
				};
			};
			buildConfigurationList = 84BF50A42BC5D340001397A0 /* Build configuration list for PBXProject "FoodDeliveryApp" */;
			compatibilityVersion = "Xcode 14.0";
			developmentRegion = en;
			hasScannedForEncodings = 0;
			knownRegions = (
				en,
				Base,
			);
			mainGroup = 84BF50A02BC5D340001397A0;
			productRefGroup = 84BF50AA2BC5D340001397A0 /* Products */;
			projectDirPath = "";
			projectRoot = "";
			targets = (
				84BF50A82BC5D340001397A0 /* FoodDeliveryApp */,
			);
		};
/* End PBXProject section */

/* Begin PBXResourcesBuildPhase section */
		84BF50A72BC5D340001397A0 /* Resources */ = {
			isa = PBXResourcesBuildPhase;
			buildActionMask = 2147483647;
			files = (
				84BF50DC2BC92687001397A0 /* Roboto-ThinItalic.ttf in Resources */,
				84BF50DB2BC92687001397A0 /* Roboto-Thin.ttf in Resources */,
				84BF50D02BC92687001397A0 /* LICENSE.txt in Resources */,
				84BF50B62BC5D342001397A0 /* Assets.xcassets in Resources */,
				84BF50D72BC92687001397A0 /* Roboto-LightItalic.ttf in Resources */,
				84BF50D32BC92687001397A0 /* Roboto-Bold.ttf in Resources */,
				84BF50D92BC92687001397A0 /* Roboto-MediumItalic.ttf in Resources */,
				84BF50D22BC92687001397A0 /* Roboto-BlackItalic.ttf in Resources */,
				84BF50B92BC5D342001397A0 /* Base in Resources */,
				84BF50D52BC92687001397A0 /* Roboto-Italic.ttf in Resources */,
				84BF50D42BC92687001397A0 /* Roboto-BoldItalic.ttf in Resources */,
				84BF50D82BC92687001397A0 /* Roboto-Medium.ttf in Resources */,
				84BF50DA2BC92687001397A0 /* Roboto-Regular.ttf in Resources */,
				84BF50D12BC92687001397A0 /* Roboto-Black.ttf in Resources */,
				84BF50D62BC92687001397A0 /* Roboto-Light.ttf in Resources */,
			);
			runOnlyForDeploymentPostprocessing = 0;
		};
/* End PBXResourcesBuildPhase section */

/* Begin PBXSourcesBuildPhase section */
		84BF50A52BC5D340001397A0 /* Sources */ = {
			isa = PBXSourcesBuildPhase;
			buildActionMask = 2147483647;
			files = (
				84BF50B12BC5D340001397A0 /* ViewController.swift in Sources */,
				84BF50AD2BC5D340001397A0 /* AppDelegate.swift in Sources */,
				84BF50DF2BC979D0001397A0 /* UIFont+Extension.swift in Sources */,
				84C2F6062BC9848B006F2A84 /* AppColors.swift in Sources */,
				84BF50AF2BC5D340001397A0 /* SceneDelegate.swift in Sources */,
				84C2F6042BC982A2006F2A84 /* UIColor+Extension.swift in Sources */,
			);
			runOnlyForDeploymentPostprocessing = 0;
		};
/* End PBXSourcesBuildPhase section */

/* Begin PBXVariantGroup section */
		84BF50B72BC5D342001397A0 /* LaunchScreen.storyboard */ = {
			isa = PBXVariantGroup;
			children = (
				84BF50B82BC5D342001397A0 /* Base */,
			);
			name = LaunchScreen.storyboard;
			sourceTree = "<group>";
		};
/* End PBXVariantGroup section */

/* Begin XCBuildConfiguration section */
		84BF50BB2BC5D342001397A0 /* Debug */ = {
			isa = XCBuildConfiguration;
			buildSettings = {
				ALWAYS_SEARCH_USER_PATHS = NO;
				ASSETCATALOG_COMPILER_GENERATE_SWIFT_ASSET_SYMBOL_EXTENSIONS = YES;
				CLANG_ANALYZER_NONNULL = YES;
				CLANG_ANALYZER_NUMBER_OBJECT_CONVERSION = YES_AGGRESSIVE;
				CLANG_CXX_LANGUAGE_STANDARD = "gnu++20";
				CLANG_ENABLE_MODULES = YES;
				CLANG_ENABLE_OBJC_ARC = YES;
				CLANG_ENABLE_OBJC_WEAK = YES;
				CLANG_WARN_BLOCK_CAPTURE_AUTORELEASING = YES;
				CLANG_WARN_BOOL_CONVERSION = YES;
				CLANG_WARN_COMMA = YES;
				CLANG_WARN_CONSTANT_CONVERSION = YES;
				CLANG_WARN_DEPRECATED_OBJC_IMPLEMENTATIONS = YES;
				CLANG_WARN_DIRECT_OBJC_ISA_USAGE = YES_ERROR;
				CLANG_WARN_DOCUMENTATION_COMMENTS = YES;
				CLANG_WARN_EMPTY_BODY = YES;
				CLANG_WARN_ENUM_CONVERSION = YES;
				CLANG_WARN_INFINITE_RECURSION = YES;
				CLANG_WARN_INT_CONVERSION = YES;
				CLANG_WARN_NON_LITERAL_NULL_CONVERSION = YES;
				CLANG_WARN_OBJC_IMPLICIT_RETAIN_SELF = YES;
				CLANG_WARN_OBJC_LITERAL_CONVERSION = YES;
				CLANG_WARN_OBJC_ROOT_CLASS = YES_ERROR;
				CLANG_WARN_QUOTED_INCLUDE_IN_FRAMEWORK_HEADER = YES;
				CLANG_WARN_RANGE_LOOP_ANALYSIS = YES;
				CLANG_WARN_STRICT_PROTOTYPES = YES;
				CLANG_WARN_SUSPICIOUS_MOVE = YES;
				CLANG_WARN_UNGUARDED_AVAILABILITY = YES_AGGRESSIVE;
				CLANG_WARN_UNREACHABLE_CODE = YES;
				CLANG_WARN__DUPLICATE_METHOD_MATCH = YES;
				COPY_PHASE_STRIP = NO;
				DEBUG_INFORMATION_FORMAT = dwarf;
				ENABLE_STRICT_OBJC_MSGSEND = YES;
				ENABLE_TESTABILITY = YES;
				ENABLE_USER_SCRIPT_SANDBOXING = YES;
				GCC_C_LANGUAGE_STANDARD = gnu17;
				GCC_DYNAMIC_NO_PIC = NO;
				GCC_NO_COMMON_BLOCKS = YES;
				GCC_OPTIMIZATION_LEVEL = 0;
				GCC_PREPROCESSOR_DEFINITIONS = (
					"DEBUG=1",
					"$(inherited)",
				);
				GCC_WARN_64_TO_32_BIT_CONVERSION = YES;
				GCC_WARN_ABOUT_RETURN_TYPE = YES_ERROR;
				GCC_WARN_UNDECLARED_SELECTOR = YES;
				GCC_WARN_UNINITIALIZED_AUTOS = YES_AGGRESSIVE;
				GCC_WARN_UNUSED_FUNCTION = YES;
				GCC_WARN_UNUSED_VARIABLE = YES;
				IPHONEOS_DEPLOYMENT_TARGET = 17.4;
				LOCALIZATION_PREFERS_STRING_CATALOGS = YES;
				MTL_ENABLE_DEBUG_INFO = INCLUDE_SOURCE;
				MTL_FAST_MATH = YES;
				ONLY_ACTIVE_ARCH = YES;
				SDKROOT = iphoneos;
				SWIFT_ACTIVE_COMPILATION_CONDITIONS = "DEBUG $(inherited)";
				SWIFT_OPTIMIZATION_LEVEL = "-Onone";
			};
			name = Debug;
		};
		84BF50BC2BC5D342001397A0 /* Release */ = {
			isa = XCBuildConfiguration;
			buildSettings = {
				ALWAYS_SEARCH_USER_PATHS = NO;
				ASSETCATALOG_COMPILER_GENERATE_SWIFT_ASSET_SYMBOL_EXTENSIONS = YES;
				CLANG_ANALYZER_NONNULL = YES;
				CLANG_ANALYZER_NUMBER_OBJECT_CONVERSION = YES_AGGRESSIVE;
				CLANG_CXX_LANGUAGE_STANDARD = "gnu++20";
				CLANG_ENABLE_MODULES = YES;
				CLANG_ENABLE_OBJC_ARC = YES;
				CLANG_ENABLE_OBJC_WEAK = YES;
				CLANG_WARN_BLOCK_CAPTURE_AUTORELEASING = YES;
				CLANG_WARN_BOOL_CONVERSION = YES;
				CLANG_WARN_COMMA = YES;
				CLANG_WARN_CONSTANT_CONVERSION = YES;
				CLANG_WARN_DEPRECATED_OBJC_IMPLEMENTATIONS = YES;
				CLANG_WARN_DIRECT_OBJC_ISA_USAGE = YES_ERROR;
				CLANG_WARN_DOCUMENTATION_COMMENTS = YES;
				CLANG_WARN_EMPTY_BODY = YES;
				CLANG_WARN_ENUM_CONVERSION = YES;
				CLANG_WARN_INFINITE_RECURSION = YES;
				CLANG_WARN_INT_CONVERSION = YES;
				CLANG_WARN_NON_LITERAL_NULL_CONVERSION = YES;
				CLANG_WARN_OBJC_IMPLICIT_RETAIN_SELF = YES;
				CLANG_WARN_OBJC_LITERAL_CONVERSION = YES;
				CLANG_WARN_OBJC_ROOT_CLASS = YES_ERROR;
				CLANG_WARN_QUOTED_INCLUDE_IN_FRAMEWORK_HEADER = YES;
				CLANG_WARN_RANGE_LOOP_ANALYSIS = YES;
				CLANG_WARN_STRICT_PROTOTYPES = YES;
				CLANG_WARN_SUSPICIOUS_MOVE = YES;
				CLANG_WARN_UNGUARDED_AVAILABILITY = YES_AGGRESSIVE;
				CLANG_WARN_UNREACHABLE_CODE = YES;
				CLANG_WARN__DUPLICATE_METHOD_MATCH = YES;
				COPY_PHASE_STRIP = NO;
				DEBUG_INFORMATION_FORMAT = "dwarf-with-dsym";
				ENABLE_NS_ASSERTIONS = NO;
				ENABLE_STRICT_OBJC_MSGSEND = YES;
				ENABLE_USER_SCRIPT_SANDBOXING = YES;
				GCC_C_LANGUAGE_STANDARD = gnu17;
				GCC_NO_COMMON_BLOCKS = YES;
				GCC_WARN_64_TO_32_BIT_CONVERSION = YES;
				GCC_WARN_ABOUT_RETURN_TYPE = YES_ERROR;
				GCC_WARN_UNDECLARED_SELECTOR = YES;
				GCC_WARN_UNINITIALIZED_AUTOS = YES_AGGRESSIVE;
				GCC_WARN_UNUSED_FUNCTION = YES;
				GCC_WARN_UNUSED_VARIABLE = YES;
				IPHONEOS_DEPLOYMENT_TARGET = 17.4;
				LOCALIZATION_PREFERS_STRING_CATALOGS = YES;
				MTL_ENABLE_DEBUG_INFO = NO;
				MTL_FAST_MATH = YES;
				SDKROOT = iphoneos;
				SWIFT_COMPILATION_MODE = wholemodule;
				VALIDATE_PRODUCT = YES;
			};
			name = Release;
		};
		84BF50BE2BC5D342001397A0 /* Debug */ = {
			isa = XCBuildConfiguration;
			buildSettings = {
				ASSETCATALOG_COMPILER_APPICON_NAME = AppIcon;
				ASSETCATALOG_COMPILER_GLOBAL_ACCENT_COLOR_NAME = AccentColor;
				CODE_SIGN_STYLE = Automatic;
				CURRENT_PROJECT_VERSION = 1;
				GENERATE_INFOPLIST_FILE = YES;
				INFOPLIST_FILE = FoodDeliveryApp/Info.plist;
				INFOPLIST_KEY_UIApplicationSupportsIndirectInputEvents = YES;
				INFOPLIST_KEY_UILaunchStoryboardName = LaunchScreen;
				INFOPLIST_KEY_UISupportedInterfaceOrientations_iPad = "UIInterfaceOrientationPortrait UIInterfaceOrientationPortraitUpsideDown UIInterfaceOrientationLandscapeLeft UIInterfaceOrientationLandscapeRight";
				INFOPLIST_KEY_UISupportedInterfaceOrientations_iPhone = "UIInterfaceOrientationPortrait UIInterfaceOrientationLandscapeLeft UIInterfaceOrientationLandscapeRight";
				LD_RUNPATH_SEARCH_PATHS = (
					"$(inherited)",
					"@executable_path/Frameworks",
				);
				MARKETING_VERSION = 1.0;
				PRODUCT_BUNDLE_IDENTIFIER = rxze.FoodDeliveryApp;
				PRODUCT_NAME = "$(TARGET_NAME)";
				SWIFT_EMIT_LOC_STRINGS = YES;
				SWIFT_VERSION = 5.0;
				TARGETED_DEVICE_FAMILY = "1,2";
			};
			name = Debug;
		};
		84BF50BF2BC5D342001397A0 /* Release */ = {
			isa = XCBuildConfiguration;
			buildSettings = {
				ASSETCATALOG_COMPILER_APPICON_NAME = AppIcon;
				ASSETCATALOG_COMPILER_GLOBAL_ACCENT_COLOR_NAME = AccentColor;
				CODE_SIGN_STYLE = Automatic;
				CURRENT_PROJECT_VERSION = 1;
				GENERATE_INFOPLIST_FILE = YES;
				INFOPLIST_FILE = FoodDeliveryApp/Info.plist;
				INFOPLIST_KEY_UIApplicationSupportsIndirectInputEvents = YES;
				INFOPLIST_KEY_UILaunchStoryboardName = LaunchScreen;
				INFOPLIST_KEY_UISupportedInterfaceOrientations_iPad = "UIInterfaceOrientationPortrait UIInterfaceOrientationPortraitUpsideDown UIInterfaceOrientationLandscapeLeft UIInterfaceOrientationLandscapeRight";
				INFOPLIST_KEY_UISupportedInterfaceOrientations_iPhone = "UIInterfaceOrientationPortrait UIInterfaceOrientationLandscapeLeft UIInterfaceOrientationLandscapeRight";
				LD_RUNPATH_SEARCH_PATHS = (
					"$(inherited)",
					"@executable_path/Frameworks",
				);
				MARKETING_VERSION = 1.0;
				PRODUCT_BUNDLE_IDENTIFIER = rxze.FoodDeliveryApp;
				PRODUCT_NAME = "$(TARGET_NAME)";
				SWIFT_EMIT_LOC_STRINGS = YES;
				SWIFT_VERSION = 5.0;
				TARGETED_DEVICE_FAMILY = "1,2";
			};
			name = Release;
		};
/* End XCBuildConfiguration section */

/* Begin XCConfigurationList section */
		84BF50A42BC5D340001397A0 /* Build configuration list for PBXProject "FoodDeliveryApp" */ = {
			isa = XCConfigurationList;
			buildConfigurations = (
				84BF50BB2BC5D342001397A0 /* Debug */,
				84BF50BC2BC5D342001397A0 /* Release */,
			);
			defaultConfigurationIsVisible = 0;
			defaultConfigurationName = Release;
		};
		84BF50BD2BC5D342001397A0 /* Build configuration list for PBXNativeTarget "FoodDeliveryApp" */ = {
			isa = XCConfigurationList;
			buildConfigurations = (
				84BF50BE2BC5D342001397A0 /* Debug */,
				84BF50BF2BC5D342001397A0 /* Release */,
			);
			defaultConfigurationIsVisible = 0;
			defaultConfigurationName = Release;
		};
/* End XCConfigurationList section */
	};
	rootObject = 84BF50A12BC5D340001397A0 /* Project object */;
}
